
Microsoft Visual Studio Solution File, Format Version 12.00
# Visual Studio Version 16
VisualStudioVersion = 16.0.32929.386
MinimumVisualStudioVersion = 10.0.40219.1
Project("{FAE04EC0-301F-11D3-BF4B-00C04F79EFBC}") = "Project-Manager", "Project-Manager\Project-Manager.csproj", "{AB46C741-AFC7-4476-8B73-A955CB581F07}"
EndProject
Global
	GlobalSection(SolutionConfigurationPlatforms) = preSolution
		Debug|Any CPU = Debug|Any CPU
		Release|Any CPU = Release|Any CPU
	EndGlobalSection
	GlobalSection(ProjectConfigurationPlatforms) = postSolution
		{AB46C741-AFC7-4476-8B73-A955CB581F07}.Debug|Any CPU.ActiveCfg = Debug|Any CPU
		{AB46C741-AFC7-4476-8B73-A955CB581F07}.Debug|Any CPU.Build.0 = Debug|Any CPU
		{AB46C741-AFC7-4476-8B73-A955CB581F07}.Release|Any CPU.ActiveCfg = Release|Any CPU
		{AB46C741-AFC7-4476-8B73-A955CB581F07}.Release|Any CPU.Build.0 = Release|Any CPU
	EndGlobalSection
	GlobalSection(SolutionProperties) = preSolution
		HideSolutionNode = FALSE
	EndGlobalSection
	GlobalSection(ExtensibilityGlobals) = postSolution
		SolutionGuid = {A4A21BA3-2E20-47A7-AB85-41AA24715753}
	EndGlobalSection
EndGlobal
